
Microsoft Visual Studio Solution File, Format Version 12.00
# Visual Studio 2013
VisualStudioVersion = 12.0.40629.0
MinimumVisualStudioVersion = 10.0.40219.1
Project("{FAE04EC0-301F-11D3-BF4B-00C04F79EFBC}") = "LayeredMvcDemo.Domain", "LayeredMvcDemo.Domain\LayeredMvcDemo.Domain.csproj", "{67A7F86C-3910-41F9-994C-FAEF5C76D863}"
EndProject
Project("{FAE04EC0-301F-11D3-BF4B-00C04F79EFBC}") = "LayeredMvcDemo.DataAccess", "LayeredMvcDemo.DataAccess\LayeredMvcDemo.DataAccess.csproj", "{F8A2D0EC-621C-4582-9282-83D53B10DE23}"
EndProject
Project("{FAE04EC0-301F-11D3-BF4B-00C04F79EFBC}") = "LayeredMvcDemo.Application", "LayeredMvcDemo.Application\LayeredMvcDemo.Application.csproj", "{7EA03154-B765-49CB-825B-7CDC332A6FF6}"
EndProject
Project("{FAE04EC0-301F-11D3-BF4B-00C04F79EFBC}") = "LayeredMvcDemo.Web", "LayeredMvcDemo.Web\LayeredMvcDemo.Web.csproj", "{B1E9D7C8-7B63-4174-9C1B-568A0F45A790}"
EndProject
Global
	GlobalSection(SolutionConfigurationPlatforms) = preSolution
		Debug|Any CPU = Debug|Any CPU
		Release|Any CPU = Release|Any CPU
	EndGlobalSection
	GlobalSection(ProjectConfigurationPlatforms) = postSolution
		{67A7F86C-3910-41F9-994C-FAEF5C76D863}.Debug|Any CPU.ActiveCfg = Debug|Any CPU
		{67A7F86C-3910-41F9-994C-FAEF5C76D863}.Debug|Any CPU.Build.0 = Debug|Any CPU
		{67A7F86C-3910-41F9-994C-FAEF5C76D863}.Release|Any CPU.ActiveCfg = Release|Any CPU
		{67A7F86C-3910-41F9-994C-FAEF5C76D863}.Release|Any CPU.Build.0 = Release|Any CPU
		{F8A2D0EC-621C-4582-9282-83D53B10DE23}.Debug|Any CPU.ActiveCfg = Debug|Any CPU
		{F8A2D0EC-621C-4582-9282-83D53B10DE23}.Debug|Any CPU.Build.0 = Debug|Any CPU
		{F8A2D0EC-621C-4582-9282-83D53B10DE23}.Release|Any CPU.ActiveCfg = Release|Any CPU
		{F8A2D0EC-621C-4582-9282-83D53B10DE23}.Release|Any CPU.Build.0 = Release|Any CPU
		{7EA03154-B765-49CB-825B-7CDC332A6FF6}.Debug|Any CPU.ActiveCfg = Debug|Any CPU
		{7EA03154-B765-49CB-825B-7CDC332A6FF6}.Debug|Any CPU.Build.0 = Debug|Any CPU
		{7EA03154-B765-49CB-825B-7CDC332A6FF6}.Release|Any CPU.ActiveCfg = Release|Any CPU
		{7EA03154-B765-49CB-825B-7CDC332A6FF6}.Release|Any CPU.Build.0 = Release|Any CPU
		{B1E9D7C8-7B63-4174-9C1B-568A0F45A790}.Debug|Any CPU.ActiveCfg = Debug|Any CPU
		{B1E9D7C8-7B63-4174-9C1B-568A0F45A790}.Debug|Any CPU.Build.0 = Debug|Any CPU
		{B1E9D7C8-7B63-4174-9C1B-568A0F45A790}.Release|Any CPU.ActiveCfg = Release|Any CPU
		{B1E9D7C8-7B63-4174-9C1B-568A0F45A790}.Release|Any CPU.Build.0 = Release|Any CPU
	EndGlobalSection
	GlobalSection(SolutionProperties) = preSolution
		HideSolutionNode = FALSE
	EndGlobalSection
EndGlobal
